Microsoft Visual Studio Solution File, Format Version 12.00
# Visual Studio Version 17
VisualStudioVersion = 17.5.2.0
MinimumVisualStudioVersion = 10.0.40219.1
Project("{FAE04EC0-301F-11D3-BF4B-00C04F79EFBC}") = "software_3D_c#", "software_3D_c#.csproj", "{1F966DE0-AFE5-583F-C7C2-B2C5A73ECA8D}"
EndProject
Global
	GlobalSection(SolutionConfigurationPlatforms) = preSolution
		Debug|Any CPU = Debug|Any CPU
		Release|Any CPU = Release|Any CPU
	EndGlobalSection
	GlobalSection(ProjectConfigurationPlatforms) = postSolution
		{1F966DE0-AFE5-583F-C7C2-B2C5A73ECA8D}.Debug|Any CPU.ActiveCfg = Debug|Any CPU
		{1F966DE0-AFE5-583F-C7C2-B2C5A73ECA8D}.Debug|Any CPU.Build.0 = Debug|Any CPU
		{1F966DE0-AFE5-583F-C7C2-B2C5A73ECA8D}.Release|Any CPU.ActiveCfg = Release|Any CPU
		{1F966DE0-AFE5-583F-C7C2-B2C5A73ECA8D}.Release|Any CPU.Build.0 = Release|Any CPU
	EndGlobalSection
	GlobalSection(SolutionProperties) = preSolution
		HideSolutionNode = FALSE
	EndGlobalSection
	GlobalSection(ExtensibilityGlobals) = postSolution
		SolutionGuid = {1FE8398A-82E9-48D0-B84D-4D053ADC7B2B}
	EndGlobalSection
EndGlobal
